
Microsoft Visual Studio Solution File, Format Version 12.00
# Visual Studio Version 17
VisualStudioVersion = 17.2.32616.157
MinimumVisualStudioVersion = 10.0.40219.1
Project("{FAE04EC0-301F-11D3-BF4B-00C04F79EFBC}") = "PromptCarRace", "PromptCarRace\PromptCarRace.csproj", "{54FE7025-23E2-4BA3-B43F-5FFB0568E463}"
EndProject
Global
	GlobalSection(SolutionConfigurationPlatforms) = preSolution
		Debug|Any CPU = Debug|Any CPU
		Release|Any CPU = Release|Any CPU
	EndGlobalSection
	GlobalSection(ProjectConfigurationPlatforms) = postSolution
		{54FE7025-23E2-4BA3-B43F-5FFB0568E463}.Debug|Any CPU.ActiveCfg = Debug|Any CPU
		{54FE7025-23E2-4BA3-B43F-5FFB0568E463}.Debug|Any CPU.Build.0 = Debug|Any CPU
		{54FE7025-23E2-4BA3-B43F-5FFB0568E463}.Release|Any CPU.ActiveCfg = Release|Any CPU
		{54FE7025-23E2-4BA3-B43F-5FFB0568E463}.Release|Any CPU.Build.0 = Release|Any CPU
	EndGlobalSection
	GlobalSection(SolutionProperties) = preSolution
		HideSolutionNode = FALSE
	EndGlobalSection
	GlobalSection(ExtensibilityGlobals) = postSolution
		SolutionGuid = {F7A0681E-3CFF-4A48-851C-DC7F3E967F79}
	EndGlobalSection
EndGlobal
